lockfileVersion: '6.0'

settings:
  autoInstallPeers: true
  excludeLinksFromLockfile: false

importers:

  .:
    devDependencies:
      typescript:
        specifier: ^5.5.4
        version: 5.5.4

  packages/client:
    dependencies:
      '@types/vscode':
        specifier: ^1.92.0
        version: 1.92.0
      '@volar/language-server':
        specifier: ^2.4.0
        version: 2.4.0
      '@volar/vscode':
        specifier: ^2.4.0
        version: 2.4.0
      server:
        specifier: link:..\server
        version: link:../server
      vscode-languageclient:
        specifier: ^9.0.1
        version: 9.0.1

  packages/server:
    dependencies:
      '@volar/language-core':
        specifier: ^2.4.0
        version: 2.4.0
      '@volar/language-server':
        specifier: ^2.4.0
        version: 2.4.0
      '@volar/language-service':
        specifier: ^2.4.0
        version: 2.4.0
      volar-service-css:
        specifier: ^0.0.61
        version: 0.0.61(@volar/language-service@2.4.0)
      volar-service-html:
        specifier: ^0.0.61
        version: 0.0.61(@volar/language-service@2.4.0)
      vscode-html-languageservice:
        specifier: ^5.3.0
        version: 5.3.0

packages:

  /@types/vscode@1.92.0:
    resolution: {integrity: sha512-DcZoCj17RXlzB4XJ7IfKdPTcTGDLYvTOcTNkvtjXWF+K2TlKzHHkBEXNWQRpBIXixNEUgx39cQeTFunY0E2msw==}
    dev: false

  /@volar/language-core@2.4.0:
    resolution: {integrity: sha512-FTla+khE+sYK0qJP+6hwPAAUwiNHVMph4RUXpxf/FIPKUP61NFrVZorml4mjFShnueR2y9/j8/vnh09YwVdH7A==}
    dependencies:
      '@volar/source-map': 2.4.0
    dev: false

  /@volar/language-server@2.4.0:
    resolution: {integrity: sha512-rmGIjAxWekWQiGH97Mosb4juiD/hfFYNQKV5Py9r7vDOLSkbIwRhITbwHm88NJKs8P6TNc6w/PfBXN6yjKadJg==}
    dependencies:
      '@volar/language-core': 2.4.0
      '@volar/language-service': 2.4.0
      '@volar/typescript': 2.4.0
      path-browserify: 1.0.1
      request-light: 0.7.0
      vscode-languageserver: 9.0.1
      vscode-languageserver-protocol: 3.17.5
      vscode-languageserver-textdocument: 1.0.12
      vscode-uri: 3.0.8
    dev: false

  /@volar/language-service@2.4.0:
    resolution: {integrity: sha512-4P3yeQXIL68mLfS3n6P3m02IRg3GnLHUU9k/1PCHEfm5FG9bySkDOc72dbBn2vAa2BxOqm18bmmZXrsWuQ5AOw==}
    dependencies:
      '@volar/language-core': 2.4.0
      vscode-languageserver-protocol: 3.17.5
      vscode-languageserver-textdocument: 1.0.12
      vscode-uri: 3.0.8
    dev: false

  /@volar/source-map@2.4.0:
    resolution: {integrity: sha512-2ceY8/NEZvN6F44TXw2qRP6AQsvCYhV2bxaBPWxV9HqIfkbRydSksTFObCF1DBDNBfKiZTS8G/4vqV6cvjdOIQ==}
    dev: false

  /@volar/typescript@2.4.0:
    resolution: {integrity: sha512-9zx3lQWgHmVd+JRRAHUSRiEhe4TlzL7U7e6ulWXOxHH/WNYxzKwCvZD7WYWEZFdw4dHfTD9vUR0yPQO6GilCaQ==}
    dependencies:
      '@volar/language-core': 2.4.0
      path-browserify: 1.0.1
      vscode-uri: 3.0.8
    dev: false

  /@volar/vscode@2.4.0:
    resolution: {integrity: sha512-VOnUgtmu+xGOqVKouRM8ZSeVOFPqmcTDfi3wif5peXpkOPsCgNdS/zns0xunuh9J6Ck5SV+QffPfmNW9XARnxw==}
    dependencies:
      '@volar/language-server': 2.4.0
      path-browserify: 1.0.1
      vscode-languageclient: 9.0.1
      vscode-nls: 5.2.0
    dev: false

  /@vscode/l10n@0.0.18:
    resolution: {integrity: sha512-KYSIHVmslkaCDyw013pphY+d7x1qV8IZupYfeIfzNA+nsaWHbn5uPuQRvdRFsa9zFzGeudPuoGoZ1Op4jrJXIQ==}
    dev: false

  /balanced-match@1.0.2:
    resolution: {integrity: sha512-3oSeUO0TMV67hN1AmbXsK4yaqU7tjiHlbxRDZOpH0KW9+CeX4bRAaX0Anxt0tx2MrpRpWwQaPwIlISEJhYU5Pw==}
    dev: false

  /brace-expansion@2.0.1:
    resolution: {integrity: sha512-XnAIvQ8eM+kC6aULx6wuQiwVsnzsi9d3WxzV3FpWTGA19F621kwdbsAcFKXgKUHZWsy+mY6iL1sHTxWEFCytDA==}
    dependencies:
      balanced-match: 1.0.2
    dev: false

  /minimatch@5.1.6:
    resolution: {integrity: sha512-lKwV/1brpG6mBUFHtb7NUmtABCb2WZZmm2wNiOA5hAb8VdCS4B3dtMWyvcoViccwAW/COERjXLt0zP1zXUN26g==}
    engines: {node: '>=10'}
    dependencies:
      brace-expansion: 2.0.1
    dev: false

  /path-browserify@1.0.1:
    resolution: {integrity: sha512-b7uo2UCUOYZcnF/3ID0lulOJi/bafxa1xPe7ZPsammBSpjSWQkjNxlt635YGS2MiR9GjvuXCtz2emr3jbsz98g==}
    dev: false

  /request-light@0.7.0:
    resolution: {integrity: sha512-lMbBMrDoxgsyO+yB3sDcrDuX85yYt7sS8BfQd11jtbW/z5ZWgLZRcEGLsLoYw7I0WSUGQBs8CC8ScIxkTX1+6Q==}
    dev: false

  /semver@7.6.3:
    resolution: {integrity: sha512-oVekP1cKtI+CTDvHWYFUcMtsK/00wmAEfyqKfNdARm8u1wNVhSgaX7A8d4UuIlUI5e84iEwOhs7ZPYRmzU9U6A==}
    engines: {node: '>=10'}
    hasBin: true
    dev: false

  /typescript@5.5.4:
    resolution: {integrity: sha512-Mtq29sKDAEYP7aljRgtPOpTvOfbwRWlS6dPRzwjdE+C0R4brX/GUyhHSecbHMFLNBLcJIPt9nl9yG5TZ1weH+Q==}
    engines: {node: '>=14.17'}
    hasBin: true
    dev: true

  /volar-service-css@0.0.61(@volar/language-service@2.4.0):
    resolution: {integrity: sha512-Ct9L/w+IB1JU8F4jofcNCGoHy6TF83aiapfZq9A0qYYpq+Kk5dH+ONS+rVZSsuhsunq8UvAuF8Gk6B8IFLfniw==}
    peerDependencies:
      '@volar/language-service': ~2.4.0
    peerDependenciesMeta:
      '@volar/language-service':
        optional: true
    dependencies:
      '@volar/language-service': 2.4.0
      vscode-css-languageservice: 6.3.0
      vscode-languageserver-textdocument: 1.0.12
      vscode-uri: 3.0.8
    dev: false

  /volar-service-html@0.0.61(@volar/language-service@2.4.0):
    resolution: {integrity: sha512-yFE+YmmgqIL5HI4ORqP++IYb1QaGcv+xBboI0WkCxJJ/M35HZj7f5rbT3eQ24ECLXFbFCFanckwyWJVz5KmN3Q==}
    peerDependencies:
      '@volar/language-service': ~2.4.0
    peerDependenciesMeta:
      '@volar/language-service':
        optional: true
    dependencies:
      '@volar/language-service': 2.4.0
      vscode-html-languageservice: 5.3.0
      vscode-languageserver-textdocument: 1.0.12
      vscode-uri: 3.0.8
    dev: false

  /vscode-css-languageservice@6.3.0:
    resolution: {integrity: sha512-nU92imtkgzpCL0xikrIb8WvedV553F2BENzgz23wFuok/HLN5BeQmroMy26pUwFxV2eV8oNRmYCUv8iO7kSMhw==}
    dependencies:
      '@vscode/l10n': 0.0.18
      vscode-languageserver-textdocument: 1.0.12
      vscode-languageserver-types: 3.17.5
      vscode-uri: 3.0.8
    dev: false

  /vscode-html-languageservice@5.3.0:
    resolution: {integrity: sha512-C4Z3KsP5Ih+fjHpiBc5jxmvCl+4iEwvXegIrzu2F5pktbWvQaBT3YkVPk8N+QlSSMk8oCG6PKtZ/Sq2YHb5e8g==}
    dependencies:
      '@vscode/l10n': 0.0.18
      vscode-languageserver-textdocument: 1.0.12
      vscode-languageserver-types: 3.17.5
      vscode-uri: 3.0.8
    dev: false

  /vscode-jsonrpc@8.2.0:
    resolution: {integrity: sha512-C+r0eKJUIfiDIfwJhria30+TYWPtuHJXHtI7J0YlOmKAo7ogxP20T0zxB7HZQIFhIyvoBPwWskjxrvAtfjyZfA==}
    engines: {node: '>=14.0.0'}
    dev: false

  /vscode-languageclient@9.0.1:
    resolution: {integrity: sha512-JZiimVdvimEuHh5olxhxkht09m3JzUGwggb5eRUkzzJhZ2KjCN0nh55VfiED9oez9DyF8/fz1g1iBV3h+0Z2EA==}
    engines: {vscode: ^1.82.0}
    dependencies:
      minimatch: 5.1.6
      semver: 7.6.3
      vscode-languageserver-protocol: 3.17.5
    dev: false

  /vscode-languageserver-protocol@3.17.5:
    resolution: {integrity: sha512-mb1bvRJN8SVznADSGWM9u/b07H7Ecg0I3OgXDuLdn307rl/J3A9YD6/eYOssqhecL27hK1IPZAsaqh00i/Jljg==}
    dependencies:
      vscode-jsonrpc: 8.2.0
      vscode-languageserver-types: 3.17.5
    dev: false

  /vscode-languageserver-textdocument@1.0.12:
    resolution: {integrity: sha512-cxWNPesCnQCcMPeenjKKsOCKQZ/L6Tv19DTRIGuLWe32lyzWhihGVJ/rcckZXJxfdKCFvRLS3fpBIsV/ZGX4zA==}
    dev: false

  /vscode-languageserver-types@3.17.5:
    resolution: {integrity: sha512-Ld1VelNuX9pdF39h2Hgaeb5hEZM2Z3jUrrMgWQAu82jMtZp7p3vJT3BzToKtZI7NgQssZje5o0zryOrhQvzQAg==}
    dev: false

  /vscode-languageserver@9.0.1:
    resolution: {integrity: sha512-woByF3PDpkHFUreUa7Hos7+pUWdeWMXRd26+ZX2A8cFx6v/JPTtd4/uN0/jB6XQHYaOlHbio03NTHCqrgG5n7g==}
    hasBin: true
    dependencies:
      vscode-languageserver-protocol: 3.17.5
    dev: false

  /vscode-nls@5.2.0:
    resolution: {integrity: sha512-RAaHx7B14ZU04EU31pT+rKz2/zSl7xMsfIZuo8pd+KZO6PXtQmpevpq3vxvWNcrGbdmhM/rr5Uw5Mz+NBfhVng==}
    dev: false

  /vscode-uri@3.0.8:
    resolution: {integrity: sha512-AyFQ0EVmsOZOlAnxoFOGOq1SQDWAB7C6aqMGS23svWAllfOaxbuFvcT8D1i8z3Gyn8fraVeZNNmN6e9bxxXkKw==}
    dev: false
